
Microsoft Visual Studio Solution File, Format Version 12.00
# Visual Studio Version 17
VisualStudioVersion = 17.7.34003.232
MinimumVisualStudioVersion = 10.0.40219.1
Project("{FAE04EC0-301F-11D3-BF4B-00C04F79EFBC}") = "BtkAkademi", "BtkAkademi.csproj", "{F1C2A0D2-8F62-4EC4-BAC7-206E22FA78F9}"
EndProject
Global
	GlobalSection(SolutionConfigurationPlatforms) = preSolution
		Debug|Any CPU = Debug|Any CPU
		Release|Any CPU = Release|Any CPU
	EndGlobalSection
	GlobalSection(ProjectConfigurationPlatforms) = postSolution
		{F1C2A0D2-8F62-4EC4-BAC7-206E22FA78F9}.Debug|Any CPU.ActiveCfg = Debug|Any CPU
		{F1C2A0D2-8F62-4EC4-BAC7-206E22FA78F9}.Debug|Any CPU.Build.0 = Debug|Any CPU
		{F1C2A0D2-8F62-4EC4-BAC7-206E22FA78F9}.Release|Any CPU.ActiveCfg = Release|Any CPU
		{F1C2A0D2-8F62-4EC4-BAC7-206E22FA78F9}.Release|Any CPU.Build.0 = Release|Any CPU
	EndGlobalSection
	GlobalSection(SolutionProperties) = preSolution
		HideSolutionNode = FALSE
	EndGlobalSection
	GlobalSection(ExtensibilityGlobals) = postSolution
		SolutionGuid = {6C8776F0-420F-47C1-BA18-ED99E48674E5}
	EndGlobalSection
EndGlobal
